
Microsoft Visual Studio Solution File, Format Version 12.00
# Visual Studio Version 17
VisualStudioVersion = 17.0.31919.166
MinimumVisualStudioVersion = 10.0.40219.1
Project("{FAE04EC0-301F-11D3-BF4B-00C04F79EFBC}") = "btnhom", "btnhom\btnhom.csproj", "{1E909CDF-8B22-4814-AFF6-82D0F9FCFDFD}"
EndProject
Global
	GlobalSection(SolutionConfigurationPlatforms) = preSolution
		Debug|Any CPU = Debug|Any CPU
		Release|Any CPU = Release|Any CPU
	EndGlobalSection
	GlobalSection(ProjectConfigurationPlatforms) = postSolution
		{1E909CDF-8B22-4814-AFF6-82D0F9FCFDFD}.Debug|Any CPU.ActiveCfg = Debug|Any CPU
		{1E909CDF-8B22-4814-AFF6-82D0F9FCFDFD}.Debug|Any CPU.Build.0 = Debug|Any CPU
		{1E909CDF-8B22-4814-AFF6-82D0F9FCFDFD}.Release|Any CPU.ActiveCfg = Release|Any CPU
		{1E909CDF-8B22-4814-AFF6-82D0F9FCFDFD}.Release|Any CPU.Build.0 = Release|Any CPU
	EndGlobalSection
	GlobalSection(SolutionProperties) = preSolution
		HideSolutionNode = FALSE
	EndGlobalSection
	GlobalSection(ExtensibilityGlobals) = postSolution
		SolutionGuid = {C383949D-384E-44B3-A72C-468A3B28C08C}
	EndGlobalSection
EndGlobal
